
Microsoft Visual Studio Solution File, Format Version 12.00
# Visual Studio Version 16
VisualStudioVersion = 16.0.30114.105
MinimumVisualStudioVersion = 10.0.40219.1
Project("{FAE04EC0-301F-11D3-BF4B-00C04F79EFBC}") = "API", "API\API.csproj", "{3967B666-6C14-459A-9879-85E12131F849}"
EndProject
Project("{FAE04EC0-301F-11D3-BF4B-00C04F79EFBC}") = "Application", "Application\Application.csproj", "{1E55B38B-7F92-40BA-9F01-DBA84E30DF65}"
EndProject
Project("{FAE04EC0-301F-11D3-BF4B-00C04F79EFBC}") = "Domain", "Domain\Domain.csproj", "{C34D93D1-09B3-4A6E-B9E8-91B42A4788D4}"
EndProject
Project("{FAE04EC0-301F-11D3-BF4B-00C04F79EFBC}") = "Persistence", "Persistence\Persistence.csproj", "{56585099-C873-462A-8982-F587BB56CC69}"
EndProject
Global
	GlobalSection(SolutionConfigurationPlatforms) = preSolution
		Debug|Any CPU = Debug|Any CPU
		Release|Any CPU = Release|Any CPU
	EndGlobalSection
	GlobalSection(SolutionProperties) = preSolution
		HideSolutionNode = FALSE
	EndGlobalSection
	GlobalSection(ProjectConfigurationPlatforms) = postSolution
		{3967B666-6C14-459A-9879-85E12131F849}.Debug|Any CPU.ActiveCfg = Debug|Any CPU
		{3967B666-6C14-459A-9879-85E12131F849}.Debug|Any CPU.Build.0 = Debug|Any CPU
		{3967B666-6C14-459A-9879-85E12131F849}.Release|Any CPU.ActiveCfg = Release|Any CPU
		{3967B666-6C14-459A-9879-85E12131F849}.Release|Any CPU.Build.0 = Release|Any CPU
		{1E55B38B-7F92-40BA-9F01-DBA84E30DF65}.Debug|Any CPU.ActiveCfg = Debug|Any CPU
		{1E55B38B-7F92-40BA-9F01-DBA84E30DF65}.Debug|Any CPU.Build.0 = Debug|Any CPU
		{1E55B38B-7F92-40BA-9F01-DBA84E30DF65}.Release|Any CPU.ActiveCfg = Release|Any CPU
		{1E55B38B-7F92-40BA-9F01-DBA84E30DF65}.Release|Any CPU.Build.0 = Release|Any CPU
		{C34D93D1-09B3-4A6E-B9E8-91B42A4788D4}.Debug|Any CPU.ActiveCfg = Debug|Any CPU
		{C34D93D1-09B3-4A6E-B9E8-91B42A4788D4}.Debug|Any CPU.Build.0 = Debug|Any CPU
		{C34D93D1-09B3-4A6E-B9E8-91B42A4788D4}.Release|Any CPU.ActiveCfg = Release|Any CPU
		{C34D93D1-09B3-4A6E-B9E8-91B42A4788D4}.Release|Any CPU.Build.0 = Release|Any CPU
		{56585099-C873-462A-8982-F587BB56CC69}.Debug|Any CPU.ActiveCfg = Debug|Any CPU
		{56585099-C873-462A-8982-F587BB56CC69}.Debug|Any CPU.Build.0 = Debug|Any CPU
		{56585099-C873-462A-8982-F587BB56CC69}.Release|Any CPU.ActiveCfg = Release|Any CPU
		{56585099-C873-462A-8982-F587BB56CC69}.Release|Any CPU.Build.0 = Release|Any CPU
	EndGlobalSection
EndGlobal
